
Microsoft Visual Studio Solution File, Format Version 12.00
# Visual Studio 2012
Project("{FAE04EC0-301F-11D3-BF4B-00C04F79EFBC}") = "danostane", "danostane\danostane.csproj", "{177ADE82-B112-4FF2-81BF-5AC2E01C27A8}"
EndProject
Global
	GlobalSection(SolutionConfigurationPlatforms) = preSolution
		Debug|Any CPU = Debug|Any CPU
		Release|Any CPU = Release|Any CPU
	EndGlobalSection
	GlobalSection(ProjectConfigurationPlatforms) = postSolution
		{177ADE82-B112-4FF2-81BF-5AC2E01C27A8}.Debug|Any CPU.ActiveCfg = Debug|Any CPU
		{177ADE82-B112-4FF2-81BF-5AC2E01C27A8}.Debug|Any CPU.Build.0 = Debug|Any CPU
		{177ADE82-B112-4FF2-81BF-5AC2E01C27A8}.Release|Any CPU.ActiveCfg = Release|Any CPU
		{177ADE82-B112-4FF2-81BF-5AC2E01C27A8}.Release|Any CPU.Build.0 = Release|Any CPU
	EndGlobalSection
	GlobalSection(SolutionProperties) = preSolution
		HideSolutionNode = FALSE
	EndGlobalSection
EndGlobal
