
Microsoft Visual Studio Solution File, Format Version 12.00
# Visual Studio 2013
VisualStudioVersion = 12.0.21005.1
MinimumVisualStudioVersion = 10.0.40219.1
Project("{FAE04EC0-301F-11D3-BF4B-00C04F79EFBC}") = "SQLCRUD_AsenTanev", "SQLCRUD_AsenTanev\SQLCRUD_AsenTanev.csproj", "{04A078CF-57B0-4E01-92B0-F3778D49EBAD}"
EndProject
Global
	GlobalSection(SolutionConfigurationPlatforms) = preSolution
		Debug|Any CPU = Debug|Any CPU
		Release|Any CPU = Release|Any CPU
	EndGlobalSection
	GlobalSection(ProjectConfigurationPlatforms) = postSolution
		{04A078CF-57B0-4E01-92B0-F3778D49EBAD}.Debug|Any CPU.ActiveCfg = Debug|Any CPU
		{04A078CF-57B0-4E01-92B0-F3778D49EBAD}.Debug|Any CPU.Build.0 = Debug|Any CPU
		{04A078CF-57B0-4E01-92B0-F3778D49EBAD}.Release|Any CPU.ActiveCfg = Release|Any CPU
		{04A078CF-57B0-4E01-92B0-F3778D49EBAD}.Release|Any CPU.Build.0 = Release|Any CPU
	EndGlobalSection
	GlobalSection(SolutionProperties) = preSolution
		HideSolutionNode = FALSE
	EndGlobalSection
EndGlobal
